
Microsoft Visual Studio Solution File, Format Version 12.00
# Visual Studio Version 16
VisualStudioVersion = 16.0.30413.136
MinimumVisualStudioVersion = 10.0.40219.1
Project("{9A19103F-16F7-4668-BE54-9A1E7A4F7556}") = "Shapes Library", "Shapes Library\Shapes Library.csproj", "{AA8D580B-6811-438D-8CE0-62F06F48D434}"
EndProject
Project("{FAE04EC0-301F-11D3-BF4B-00C04F79EFBC}") = "ShapesLab2", "ShapesLab2\ShapesLab2.csproj", "{1AAD1ACC-0F5F-4AA3-B0F9-0591700B968F}"
EndProject
Global
	GlobalSection(SolutionConfigurationPlatforms) = preSolution
		Debug|Any CPU = Debug|Any CPU
		Release|Any CPU = Release|Any CPU
	EndGlobalSection
	GlobalSection(ProjectConfigurationPlatforms) = postSolution
		{AA8D580B-6811-438D-8CE0-62F06F48D434}.Debug|Any CPU.ActiveCfg = Debug|Any CPU
		{AA8D580B-6811-438D-8CE0-62F06F48D434}.Debug|Any CPU.Build.0 = Debug|Any CPU
		{AA8D580B-6811-438D-8CE0-62F06F48D434}.Release|Any CPU.ActiveCfg = Release|Any CPU
		{AA8D580B-6811-438D-8CE0-62F06F48D434}.Release|Any CPU.Build.0 = Release|Any CPU
		{1AAD1ACC-0F5F-4AA3-B0F9-0591700B968F}.Debug|Any CPU.ActiveCfg = Debug|Any CPU
		{1AAD1ACC-0F5F-4AA3-B0F9-0591700B968F}.Debug|Any CPU.Build.0 = Debug|Any CPU
		{1AAD1ACC-0F5F-4AA3-B0F9-0591700B968F}.Release|Any CPU.ActiveCfg = Release|Any CPU
		{1AAD1ACC-0F5F-4AA3-B0F9-0591700B968F}.Release|Any CPU.Build.0 = Release|Any CPU
	EndGlobalSection
	GlobalSection(SolutionProperties) = preSolution
		HideSolutionNode = FALSE
	EndGlobalSection
	GlobalSection(ExtensibilityGlobals) = postSolution
		SolutionGuid = {51E6B922-15EF-4A0B-B82F-DB1B21C00FE8}
	EndGlobalSection
EndGlobal
